// !$*UTF8*$!
{
	archiveVersion = 1;
	classes = {
	};
	objectVersion = 46;
	objects = {

/* Begin PBXBuildFile section */
		935C2EC91D0D541F00CB11DE /* ANSAlphabet.m in Sources */ = {isa = PBXBuildFile; fileRef = 935C2EC81D0D541F00CB11DE /* ANSAlphabet.m */; };
		935C2ECC1D0D5EF500CB11DE /* ANSRAngeAlphabet.m in Sources */ = {isa = PBXBuildFile; fileRef = 935C2ECB1D0D5EF500CB11DE /* ANSRAngeAlphabet.m */; };
		935C2ED01D0D5F1F00CB11DE /* ANSClasterAlphabet.m in Sources */ = {isa = PBXBuildFile; fileRef = 935C2ECF1D0D5F1F00CB11DE /* ANSClasterAlphabet.m */; };
		935C2ED31D0D5F4100CB11DE /* ANSStringAlphabet.m in Sources */ = {isa = PBXBuildFile; fileRef = 935C2ED21D0D5F4100CB11DE /* ANSStringAlphabet.m */; };
		935C2F2C1D0DDAE900CB11DE /* ANSBox.m in Sources */ = {isa = PBXBuildFile; fileRef = 935C2F101D0DDAE900CB11DE /* ANSBox.m */; };
		935C2F2D1D0DDAE900CB11DE /* ANSBox.m in Sources */ = {isa = PBXBuildFile; fileRef = 935C2F101D0DDAE900CB11DE /* ANSBox.m */; };
		935C2F2E1D0DDAE900CB11DE /* ANSBuilding.m in Sources */ = {isa = PBXBuildFile; fileRef = 935C2F121D0DDAE900CB11DE /* ANSBuilding.m */; };
		935C2F2F1D0DDAE900CB11DE /* ANSBuilding.m in Sources */ = {isa = PBXBuildFile; fileRef = 935C2F121D0DDAE900CB11DE /* ANSBuilding.m */; };
		935C2F301D0DDAE900CB11DE /* ANSRoom.m in Sources */ = {isa = PBXBuildFile; fileRef = 935C2F141D0DDAE900CB11DE /* ANSRoom.m */; };
		935C2F311D0DDAE900CB11DE /* ANSRoom.m in Sources */ = {isa = PBXBuildFile; fileRef = 935C2F141D0DDAE900CB11DE /* ANSRoom.m */; };
		935C2F321D0DDAE900CB11DE /* ANSCar.m in Sources */ = {isa = PBXBuildFile; fileRef = 935C2F171D0DDAE900CB11DE /* ANSCar.m */; };
		935C2F331D0DDAE900CB11DE /* ANSCar.m in Sources */ = {isa = PBXBuildFile; fileRef = 935C2F171D0DDAE900CB11DE /* ANSCar.m */; };
		935C2F341D0DDAE900CB11DE /* ANSCarWashComplex.m in Sources */ = {isa = PBXBuildFile; fileRef = 935C2F191D0DDAE900CB11DE /* ANSCarWashComplex.m */; };
		935C2F351D0DDAE900CB11DE /* ANSCarWashComplex.m in Sources */ = {isa = PBXBuildFile; fileRef = 935C2F191D0DDAE900CB11DE /* ANSCarWashComplex.m */; };
		935C2F361D0DDAE900CB11DE /* ANSAccountant.m in Sources */ = {isa = PBXBuildFile; fileRef = 935C2F1E1D0DDAE900CB11DE /* ANSAccountant.m */; };
		935C2F371D0DDAE900CB11DE /* ANSAccountant.m in Sources */ = {isa = PBXBuildFile; fileRef = 935C2F1E1D0DDAE900CB11DE /* ANSAccountant.m */; };
		935C2F381D0DDAE900CB11DE /* ANSBoss.m in Sources */ = {isa = PBXBuildFile; fileRef = 935C2F201D0DDAE900CB11DE /* ANSBoss.m */; };
		935C2F391D0DDAE900CB11DE /* ANSBoss.m in Sources */ = {isa = PBXBuildFile; fileRef = 935C2F201D0DDAE900CB11DE /* ANSBoss.m */; };
		935C2F3A1D0DDAE900CB11DE /* ANSCarWasher.m in Sources */ = {isa = PBXBuildFile; fileRef = 935C2F221D0DDAE900CB11DE /* ANSCarWasher.m */; };
		935C2F3B1D0DDAE900CB11DE /* ANSCarWasher.m in Sources */ = {isa = PBXBuildFile; fileRef = 935C2F221D0DDAE900CB11DE /* ANSCarWasher.m */; };
		935C2F3C1D0DDAE900CB11DE /* ANSWorker.m in Sources */ = {isa = PBXBuildFile; fileRef = 935C2F241D0DDAE900CB11DE /* ANSWorker.m */; };
		935C2F3D1D0DDAE900CB11DE /* ANSWorker.m in Sources */ = {isa = PBXBuildFile; fileRef = 935C2F241D0DDAE900CB11DE /* ANSWorker.m */; };
		935C2F3E1D0DDAE900CB11DE /* ANSCreature.m in Sources */ = {isa = PBXBuildFile; fileRef = 935C2F271D0DDAE900CB11DE /* ANSCreature.m */; };
		935C2F3F1D0DDAE900CB11DE /* ANSCreature.m in Sources */ = {isa = PBXBuildFile; fileRef = 935C2F271D0DDAE900CB11DE /* ANSCreature.m */; };
		935C2F401D0DDAE900CB11DE /* ANSCreatureFemale.m in Sources */ = {isa = PBXBuildFile; fileRef = 935C2F291D0DDAE900CB11DE /* ANSCreatureFemale.m */; };
		935C2F411D0DDAE900CB11DE /* ANSCreatureFemale.m in Sources */ = {isa = PBXBuildFile; fileRef = 935C2F291D0DDAE900CB11DE /* ANSCreatureFemale.m */; };
		935C2F421D0DDAE900CB11DE /* ANSCreatureMale.m in Sources */ = {isa = PBXBuildFile; fileRef = 935C2F2B1D0DDAE900CB11DE /* ANSCreatureMale.m */; };
		935C2F431D0DDAE900CB11DE /* ANSCreatureMale.m in Sources */ = {isa = PBXBuildFile; fileRef = 935C2F2B1D0DDAE900CB11DE /* ANSCreatureMale.m */; };
		935C2F451D0DDB0E00CB11DE /* main.m in Sources */ = {isa = PBXBuildFile; fileRef = 935C2F441D0DDB0E00CB11DE /* main.m */; };
		937A2BC41D07126200D52556 /* ANSRandom.m in Sources */ = {isa = PBXBuildFile; fileRef = 937A2BC01D07126200D52556 /* ANSRandom.m */; };
		937A2BC51D07126200D52556 /* NSObject+ANSExtension.m in Sources */ = {isa = PBXBuildFile; fileRef = 937A2BC31D07126200D52556 /* NSObject+ANSExtension.m */; };
		937A2BD51D09AFEE00D52556 /* NSString+ANSExtension.m in Sources */ = {isa = PBXBuildFile; fileRef = 937A2BD41D09AFEE00D52556 /* NSString+ANSExtension.m */; };
/* End PBXBuildFile section */

/* Begin PBXCopyFilesBuildPhase section */
		931D0F1B1D00480900DF749C /* CopyFiles */ = {
			isa = PBXCopyFilesBuildPhase;
			buildActionMask = 2147483647;
			dstPath = /usr/share/man/man1/;
			dstSubfolderSpec = 0;
			files = (
			);
			runOnlyForDeploymentPostprocessing = 1;
		};
/* End PBXCopyFilesBuildPhase section */

/* Begin PBXFileReference section */
		931D0F1D1D00480900DF749C /* Objective-c course */ = {isa = PBXFileReference; explicitFileType = "compiled.mach-o.executable"; includeInIndex = 0; path = "Objective-c course"; sourceTree = BUILT_PRODUCTS_DIR; };
		935C2EC71D0D541F00CB11DE /* ANSAlphabet.h */ = {isa = PBXFileReference; fileEncoding = 4; lastKnownFileType = sourcecode.c.h; path = ANSAlphabet.h; sourceTree = "<group>"; };
		935C2EC81D0D541F00CB11DE /* ANSAlphabet.m */ = {isa = PBXFileReference; fileEncoding = 4; lastKnownFileType = sourcecode.c.objc; path = ANSAlphabet.m; sourceTree = "<group>"; };
		935C2ECA1D0D5EF500CB11DE /* ANSRAngeAlphabet.h */ = {isa = PBXFileReference; fileEncoding = 4; lastKnownFileType = sourcecode.c.h; name = ANSRAngeAlphabet.h; path = Privat/ANSRAngeAlphabet.h; sourceTree = "<group>"; };
		935C2ECB1D0D5EF500CB11DE /* ANSRAngeAlphabet.m */ = {isa = PBXFileReference; fileEncoding = 4; lastKnownFileType = sourcecode.c.objc; name = ANSRAngeAlphabet.m; path = Privat/ANSRAngeAlphabet.m; sourceTree = "<group>"; };
		935C2ECE1D0D5F1F00CB11DE /* ANSClasterAlphabet.h */ = {isa = PBXFileReference; fileEncoding = 4; lastKnownFileType = sourcecode.c.h; name = ANSClasterAlphabet.h; path = Privat/ANSClasterAlphabet.h; sourceTree = "<group>"; };
		935C2ECF1D0D5F1F00CB11DE /* ANSClasterAlphabet.m */ = {isa = PBXFileReference; fileEncoding = 4; lastKnownFileType = sourcecode.c.objc; name = ANSClasterAlphabet.m; path = Privat/ANSClasterAlphabet.m; sourceTree = "<group>"; };
		935C2ED11D0D5F4100CB11DE /* ANSStringAlphabet.h */ = {isa = PBXFileReference; fileEncoding = 4; lastKnownFileType = sourcecode.c.h; name = ANSStringAlphabet.h; path = Privat/ANSStringAlphabet.h; sourceTree = "<group>"; };
		935C2ED21D0D5F4100CB11DE /* ANSStringAlphabet.m */ = {isa = PBXFileReference; fileEncoding = 4; lastKnownFileType = sourcecode.c.objc; name = ANSStringAlphabet.m; path = Privat/ANSStringAlphabet.m; sourceTree = "<group>"; };
		935C2ED81D0DD8C100CB11DE /* ObjectiveTests.xctest */ = {isa = PBXFileReference; explicitFileType = wrapper.cfbundle; includeInIndex = 0; path = ObjectiveTests.xctest; sourceTree = BUILT_PRODUCTS_DIR; };
		935C2EDC1D0DD8C100CB11DE /* Info.plist */ = {isa = PBXFileReference; lastKnownFileType = text.plist.xml; path = Info.plist; sourceTree = "<group>"; };
		935C2F0F1D0DDAE900CB11DE /* ANSBox.h */ = {isa = PBXFileReference; fileEncoding = 4; lastKnownFileType = sourcecode.c.h; path = ANSBox.h; sourceTree = "<group>"; };
		935C2F101D0DDAE900CB11DE /* ANSBox.m */ = {isa = PBXFileReference; fileEncoding = 4; lastKnownFileType = sourcecode.c.objc; path = ANSBox.m; sourceTree = "<group>"; };
		935C2F111D0DDAE900CB11DE /* ANSBuilding.h */ = {isa = PBXFileReference; fileEncoding = 4; lastKnownFileType = sourcecode.c.h; path = ANSBuilding.h; sourceTree = "<group>"; };
		935C2F121D0DDAE900CB11DE /* ANSBuilding.m */ = {isa = PBXFileReference; fileEncoding = 4; lastKnownFileType = sourcecode.c.objc; path = ANSBuilding.m; sourceTree = "<group>"; };
		935C2F131D0DDAE900CB11DE /* ANSRoom.h */ = {isa = PBXFileReference; fileEncoding = 4; lastKnownFileType = sourcecode.c.h; path = ANSRoom.h; sourceTree = "<group>"; };
		935C2F141D0DDAE900CB11DE /* ANSRoom.m */ = {isa = PBXFileReference; fileEncoding = 4; lastKnownFileType = sourcecode.c.objc; path = ANSRoom.m; sourceTree = "<group>"; };
		935C2F161D0DDAE900CB11DE /* ANSCar.h */ = {isa = PBXFileReference; fileEncoding = 4; lastKnownFileType = sourcecode.c.h; path = ANSCar.h; sourceTree = "<group>"; };
		935C2F171D0DDAE900CB11DE /* ANSCar.m */ = {isa = PBXFileReference; fileEncoding = 4; lastKnownFileType = sourcecode.c.objc; path = ANSCar.m; sourceTree = "<group>"; };
		935C2F181D0DDAE900CB11DE /* ANSCarWashComplex.h */ = {isa = PBXFileReference; fileEncoding = 4; lastKnownFileType = sourcecode.c.h; path = ANSCarWashComplex.h; sourceTree = "<group>"; };
		935C2F191D0DDAE900CB11DE /* ANSCarWashComplex.m */ = {isa = PBXFileReference; fileEncoding = 4; lastKnownFileType = sourcecode.c.objc; path = ANSCarWashComplex.m; sourceTree = "<group>"; };
		935C2F1A1D0DDAE900CB11DE /* ANSConstants.h */ = {isa = PBXFileReference; fileEncoding = 4; lastKnownFileType = sourcecode.c.h; path = ANSConstants.h; sourceTree = "<group>"; };
		935C2F1B1D0DDAE900CB11DE /* ANSMoneyOwner.h */ = {isa = PBXFileReference; fileEncoding = 4; lastKnownFileType = sourcecode.c.h; path = ANSMoneyOwner.h; sourceTree = "<group>"; };
		935C2F1D1D0DDAE900CB11DE /* ANSAccountant.h */ = {isa = PBXFileReference; fileEncoding = 4; lastKnownFileType = sourcecode.c.h; path = ANSAccountant.h; sourceTree = "<group>"; };
		935C2F1E1D0DDAE900CB11DE /* ANSAccountant.m */ = {isa = PBXFileReference; fileEncoding = 4; lastKnownFileType = sourcecode.c.objc; path = ANSAccountant.m; sourceTree = "<group>"; };
		935C2F1F1D0DDAE900CB11DE /* ANSBoss.h */ = {isa = PBXFileReference; fileEncoding = 4; lastKnownFileType = sourcecode.c.h; path = ANSBoss.h; sourceTree = "<group>"; };
		935C2F201D0DDAE900CB11DE /* ANSBoss.m */ = {isa = PBXFileReference; fileEncoding = 4; lastKnownFileType = sourcecode.c.objc; path = ANSBoss.m; sourceTree = "<group>"; };
		935C2F211D0DDAE900CB11DE /* ANSCarWasher.h */ = {isa = PBXFileReference; fileEncoding = 4; lastKnownFileType = sourcecode.c.h; path = ANSCarWasher.h; sourceTree = "<group>"; };
		935C2F221D0DDAE900CB11DE /* ANSCarWasher.m */ = {isa = PBXFileReference; fileEncoding = 4; lastKnownFileType = sourcecode.c.objc; path = ANSCarWasher.m; sourceTree = "<group>"; };
		935C2F231D0DDAE900CB11DE /* ANSWorker.h */ = {isa = PBXFileReference; fileEncoding = 4; lastKnownFileType = sourcecode.c.h; path = ANSWorker.h; sourceTree = "<group>"; };
		935C2F241D0DDAE900CB11DE /* ANSWorker.m */ = {isa = PBXFileReference; fileEncoding = 4; lastKnownFileType = sourcecode.c.objc; path = ANSWorker.m; sourceTree = "<group>"; };
		935C2F261D0DDAE900CB11DE /* ANSCreature.h */ = {isa = PBXFileReference; fileEncoding = 4; lastKnownFileType = sourcecode.c.h; path = ANSCreature.h; sourceTree = "<group>"; };
		935C2F271D0DDAE900CB11DE /* ANSCreature.m */ = {isa = PBXFileReference; fileEncoding = 4; lastKnownFileType = sourcecode.c.objc; path = ANSCreature.m; sourceTree = "<group>"; };
		935C2F281D0DDAE900CB11DE /* ANSCreatureFemale.h */ = {isa = PBXFileReference; fileEncoding = 4; lastKnownFileType = sourcecode.c.h; path = ANSCreatureFemale.h; sourceTree = "<group>"; };
		935C2F291D0DDAE900CB11DE /* ANSCreatureFemale.m */ = {isa = PBXFileReference; fileEncoding = 4; lastKnownFileType = sourcecode.c.objc; path = ANSCreatureFemale.m; sourceTree = "<group>"; };
		935C2F2A1D0DDAE900CB11DE /* ANSCreatureMale.h */ = {isa = PBXFileReference; fileEncoding = 4; lastKnownFileType = sourcecode.c.h; path = ANSCreatureMale.h; sourceTree = "<group>"; };
		935C2F2B1D0DDAE900CB11DE /* ANSCreatureMale.m */ = {isa = PBXFileReference; fileEncoding = 4; lastKnownFileType = sourcecode.c.objc; path = ANSCreatureMale.m; sourceTree = "<group>"; };
		935C2F441D0DDB0E00CB11DE /* main.m */ = {isa = PBXFileReference; fileEncoding = 4; lastKnownFileType = sourcecode.c.objc; path = main.m; sourceTree = SOURCE_ROOT; };
		937A2BBF1D07126200D52556 /* ANSRandom.h */ = {isa = PBXFileReference; fileEncoding = 4; lastKnownFileType = sourcecode.c.h; path = ANSRandom.h; sourceTree = "<group>"; };
		937A2BC01D07126200D52556 /* ANSRandom.m */ = {isa = PBXFileReference; fileEncoding = 4; lastKnownFileType = sourcecode.c.objc; path = ANSRandom.m; sourceTree = "<group>"; };
		937A2BC21D07126200D52556 /* NSObject+ANSExtension.h */ = {isa = PBXFileReference; fileEncoding = 4; lastKnownFileType = sourcecode.c.h; path = "NSObject+ANSExtension.h"; sourceTree = "<group>"; };
		937A2BC31D07126200D52556 /* NSObject+ANSExtension.m */ = {isa = PBXFileReference; fileEncoding = 4; lastKnownFileType = sourcecode.c.objc; path = "NSObject+ANSExtension.m"; sourceTree = "<group>"; };
		937A2BD31D09AFEE00D52556 /* NSString+ANSExtension.h */ = {isa = PBXFileReference; fileEncoding = 4; lastKnownFileType = sourcecode.c.h; path = "NSString+ANSExtension.h"; sourceTree = "<group>"; };
		937A2BD41D09AFEE00D52556 /* NSString+ANSExtension.m */ = {isa = PBXFileReference; fileEncoding = 4; lastKnownFileType = sourcecode.c.objc; path = "NSString+ANSExtension.m"; sourceTree = "<group>"; };
		937FBEA91D044B8100BD0F3F /* iOS Study Plan.txt */ = {isa = PBXFileReference; fileEncoding = 4; lastKnownFileType = text; path = "iOS Study Plan.txt"; sourceTree = "<group>"; };
/* End PBXFileReference section */

/* Begin PBXFrameworksBuildPhase section */
		931D0F1A1D00480900DF749C /* Frameworks */ = {
			isa = PBXFrameworksBuildPhase;
			buildActionMask = 2147483647;
			files = (
			);
			runOnlyForDeploymentPostprocessing = 0;
		};
		935C2ED51D0DD8C100CB11DE /* Frameworks */ = {
			isa = PBXFrameworksBuildPhase;
			buildActionMask = 2147483647;
			files = (
			);
			runOnlyForDeploymentPostprocessing = 0;
		};
/* End PBXFrameworksBuildPhase section */

/* Begin PBXGroup section */
		931D0F141D00480900DF749C = {
			isa = PBXGroup;
			children = (
				937FBEA91D044B8100BD0F3F /* iOS Study Plan.txt */,
				935C2F441D0DDB0E00CB11DE /* main.m */,
				937A2BBD1D07126200D52556 /* Library */,
				935C2F0C1D0DDAE900CB11DE /* Source */,
				935C2ED91D0DD8C100CB11DE /* ObjectiveTests */,
				931D0F1E1D00480900DF749C /* Products */,
			);
			sourceTree = "<group>";
		};
		931D0F1E1D00480900DF749C /* Products */ = {
			isa = PBXGroup;
			children = (
				931D0F1D1D00480900DF749C /* Objective-c course */,
				935C2ED81D0DD8C100CB11DE /* ObjectiveTests.xctest */,
			);
			name = Products;
			sourceTree = "<group>";
		};
		935C2ECD1D0D5EFA00CB11DE /* Private */ = {
			isa = PBXGroup;
			children = (
				935C2ECA1D0D5EF500CB11DE /* ANSRAngeAlphabet.h */,
				935C2ECB1D0D5EF500CB11DE /* ANSRAngeAlphabet.m */,
				935C2ECE1D0D5F1F00CB11DE /* ANSClasterAlphabet.h */,
				935C2ECF1D0D5F1F00CB11DE /* ANSClasterAlphabet.m */,
				935C2ED11D0D5F4100CB11DE /* ANSStringAlphabet.h */,
				935C2ED21D0D5F4100CB11DE /* ANSStringAlphabet.m */,
			);
			name = Private;
			sourceTree = "<group>";
		};
		935C2ED91D0DD8C100CB11DE /* ObjectiveTests */ = {
			isa = PBXGroup;
			children = (
				935C2EDC1D0DD8C100CB11DE /* Info.plist */,
			);
			path = ObjectiveTests;
			sourceTree = "<group>";
		};
		935C2F0C1D0DDAE900CB11DE /* Source */ = {
			isa = PBXGroup;
			children = (
				935C2F0D1D0DDAE900CB11DE /* ANSCarWash */,
				935C2F251D0DDAE900CB11DE /* ANSCreature */,
			);
			path = Source;
			sourceTree = SOURCE_ROOT;
		};
		935C2F0D1D0DDAE900CB11DE /* ANSCarWash */ = {
			isa = PBXGroup;
			children = (
				935C2F0E1D0DDAE900CB11DE /* ANSBuildingsAndRooms */,
				935C2F151D0DDAE900CB11DE /* ANSCar */,
				935C2F181D0DDAE900CB11DE /* ANSCarWashComplex.h */,
				935C2F191D0DDAE900CB11DE /* ANSCarWashComplex.m */,
				935C2F1A1D0DDAE900CB11DE /* ANSConstants.h */,
				935C2F1B1D0DDAE900CB11DE /* ANSMoneyOwner.h */,
				935C2F1C1D0DDAE900CB11DE /* ANSWorkers */,
			);
			path = ANSCarWash;
			sourceTree = "<group>";
		};
		935C2F0E1D0DDAE900CB11DE /* ANSBuildingsAndRooms */ = {
			isa = PBXGroup;
			children = (
				935C2F0F1D0DDAE900CB11DE /* ANSBox.h */,
				935C2F101D0DDAE900CB11DE /* ANSBox.m */,
				935C2F111D0DDAE900CB11DE /* ANSBuilding.h */,
				935C2F121D0DDAE900CB11DE /* ANSBuilding.m */,
				935C2F131D0DDAE900CB11DE /* ANSRoom.h */,
				935C2F141D0DDAE900CB11DE /* ANSRoom.m */,
			);
			path = ANSBuildingsAndRooms;
			sourceTree = "<group>";
		};
		935C2F151D0DDAE900CB11DE /* ANSCar */ = {
			isa = PBXGroup;
			children = (
				935C2F161D0DDAE900CB11DE /* ANSCar.h */,
				935C2F171D0DDAE900CB11DE /* ANSCar.m */,
			);
			path = ANSCar;
			sourceTree = "<group>";
		};
		935C2F1C1D0DDAE900CB11DE /* ANSWorkers */ = {
			isa = PBXGroup;
			children = (
				935C2F1D1D0DDAE900CB11DE /* ANSAccountant.h */,
				935C2F1E1D0DDAE900CB11DE /* ANSAccountant.m */,
				935C2F1F1D0DDAE900CB11DE /* ANSBoss.h */,
				935C2F201D0DDAE900CB11DE /* ANSBoss.m */,
				935C2F211D0DDAE900CB11DE /* ANSCarWasher.h */,
				935C2F221D0DDAE900CB11DE /* ANSCarWasher.m */,
				935C2F231D0DDAE900CB11DE /* ANSWorker.h */,
				935C2F241D0DDAE900CB11DE /* ANSWorker.m */,
			);
			path = ANSWorkers;
			sourceTree = "<group>";
		};
		935C2F251D0DDAE900CB11DE /* ANSCreature */ = {
			isa = PBXGroup;
			children = (
				935C2F261D0DDAE900CB11DE /* ANSCreature.h */,
				935C2F271D0DDAE900CB11DE /* ANSCreature.m */,
				935C2F281D0DDAE900CB11DE /* ANSCreatureFemale.h */,
				935C2F291D0DDAE900CB11DE /* ANSCreatureFemale.m */,
				935C2F2A1D0DDAE900CB11DE /* ANSCreatureMale.h */,
				935C2F2B1D0DDAE900CB11DE /* ANSCreatureMale.m */,
			);
			path = ANSCreature;
			sourceTree = "<group>";
		};
		937A2BBD1D07126200D52556 /* Library */ = {
			isa = PBXGroup;
			children = (
				937A2BD21D09AFEE00D52556 /* NSString */,
				937A2BBE1D07126200D52556 /* ANSRandom */,
				937A2BC11D07126200D52556 /* NSObject */,
			);
			path = Library;
			sourceTree = "<group>";
		};
		937A2BBE1D07126200D52556 /* ANSRandom */ = {
			isa = PBXGroup;
			children = (
				937A2BBF1D07126200D52556 /* ANSRandom.h */,
				937A2BC01D07126200D52556 /* ANSRandom.m */,
			);
			path = ANSRandom;
			sourceTree = "<group>";
		};
		937A2BC11D07126200D52556 /* NSObject */ = {
			isa = PBXGroup;
			children = (
				937A2BC21D07126200D52556 /* NSObject+ANSExtension.h */,
				937A2BC31D07126200D52556 /* NSObject+ANSExtension.m */,
			);
			path = NSObject;
			sourceTree = "<group>";
		};
		937A2BD21D09AFEE00D52556 /* NSString */ = {
			isa = PBXGroup;
			children = (
				937A2BD31D09AFEE00D52556 /* NSString+ANSExtension.h */,
				937A2BD41D09AFEE00D52556 /* NSString+ANSExtension.m */,
				935C2EC71D0D541F00CB11DE /* ANSAlphabet.h */,
				935C2EC81D0D541F00CB11DE /* ANSAlphabet.m */,
				935C2ECD1D0D5EFA00CB11DE /* Private */,
			);
			path = NSString;
			sourceTree = "<group>";
		};
/* End PBXGroup section */

/* Begin PBXNativeTarget section */
		931D0F1C1D00480900DF749C /* Objective-c course */ = {
			isa = PBXNativeTarget;
			buildConfigurationList = 931D0F241D00480900DF749C /* Build configuration list for PBXNativeTarget "Objective-c course" */;
			buildPhases = (
				931D0F191D00480900DF749C /* Sources */,
				931D0F1A1D00480900DF749C /* Frameworks */,
				931D0F1B1D00480900DF749C /* CopyFiles */,
			);
			buildRules = (
			);
			dependencies = (
			);
			name = "Objective-c course";
			productName = "Objective-c course";
			productReference = 931D0F1D1D00480900DF749C /* Objective-c course */;
			productType = "com.apple.product-type.tool";
		};
		935C2ED71D0DD8C100CB11DE /* ObjectiveTests */ = {
			isa = PBXNativeTarget;
			buildConfigurationList = 935C2EDD1D0DD8C100CB11DE /* Build configuration list for PBXNativeTarget "ObjectiveTests" */;
			buildPhases = (
				935C2ED41D0DD8C100CB11DE /* Sources */,
				935C2ED51D0DD8C100CB11DE /* Frameworks */,
				935C2ED61D0DD8C100CB11DE /* Resources */,
			);
			buildRules = (
			);
			dependencies = (
			);
			name = ObjectiveTests;
			productName = ObjectiveTests;
			productReference = 935C2ED81D0DD8C100CB11DE /* ObjectiveTests.xctest */;
			productType = "com.apple.product-type.bundle.unit-test";
		};
/* End PBXNativeTarget section */

/* Begin PBXProject section */
		931D0F151D00480900DF749C /* Project object */ = {
			isa = PBXProject;
			attributes = {
				LastUpgradeCheck = 0720;
				ORGANIZATIONNAME = Anfriiev.Mykola;
				TargetAttributes = {
					931D0F1C1D00480900DF749C = {
						CreatedOnToolsVersion = 7.2.1;
					};
					935C2ED71D0DD8C100CB11DE = {
						CreatedOnToolsVersion = 7.2.1;
						DevelopmentTeam = 2MQ5R4FSP4;
					};
				};
			};
			buildConfigurationList = 931D0F181D00480900DF749C /* Build configuration list for PBXProject "Objective-c course" */;
			compatibilityVersion = "Xcode 3.2";
			developmentRegion = English;
			hasScannedForEncodings = 0;
			knownRegions = (
				en,
			);
			mainGroup = 931D0F141D00480900DF749C;
			productRefGroup = 931D0F1E1D00480900DF749C /* Products */;
			projectDirPath = "";
			projectRoot = "";
			targets = (
				931D0F1C1D00480900DF749C /* Objective-c course */,
				935C2ED71D0DD8C100CB11DE /* ObjectiveTests */,
			);
		};
/* End PBXProject section */

/* Begin PBXResourcesBuildPhase section */
		935C2ED61D0DD8C100CB11DE /* Resources */ = {
			isa = PBXResourcesBuildPhase;
			buildActionMask = 2147483647;
			files = (
			);
			runOnlyForDeploymentPostprocessing = 0;
		};
/* End PBXResourcesBuildPhase section */

/* Begin PBXSourcesBuildPhase section */
		931D0F191D00480900DF749C /* Sources */ = {
			isa = PBXSourcesBuildPhase;
			buildActionMask = 2147483647;
			files = (
				937A2BD51D09AFEE00D52556 /* NSString+ANSExtension.m in Sources */,
				935C2F3E1D0DDAE900CB11DE /* ANSCreature.m in Sources */,
				935C2F341D0DDAE900CB11DE /* ANSCarWashComplex.m in Sources */,
				935C2ED31D0D5F4100CB11DE /* ANSStringAlphabet.m in Sources */,
				935C2EC91D0D541F00CB11DE /* ANSAlphabet.m in Sources */,
				935C2F381D0DDAE900CB11DE /* ANSBoss.m in Sources */,
				935C2F321D0DDAE900CB11DE /* ANSCar.m in Sources */,
				935C2F301D0DDAE900CB11DE /* ANSRoom.m in Sources */,
				935C2F421D0DDAE900CB11DE /* ANSCreatureMale.m in Sources */,
				937A2BC51D07126200D52556 /* NSObject+ANSExtension.m in Sources */,
				935C2F451D0DDB0E00CB11DE /* main.m in Sources */,
				935C2F401D0DDAE900CB11DE /* ANSCreatureFemale.m in Sources */,
				935C2ED01D0D5F1F00CB11DE /* ANSClasterAlphabet.m in Sources */,
				935C2F2C1D0DDAE900CB11DE /* ANSBox.m in Sources */,
				935C2F2E1D0DDAE900CB11DE /* ANSBuilding.m in Sources */,
				935C2F3A1D0DDAE900CB11DE /* ANSCarWasher.m in Sources */,
				935C2F3C1D0DDAE900CB11DE /* ANSWorker.m in Sources */,
				935C2ECC1D0D5EF500CB11DE /* ANSRAngeAlphabet.m in Sources */,
				937A2BC41D07126200D52556 /* ANSRandom.m in Sources */,
				935C2F361D0DDAE900CB11DE /* ANSAccountant.m in Sources */,
			);
			runOnlyForDeploymentPostprocessing = 0;
		};
		935C2ED41D0DD8C100CB11DE /* Sources */ = {
			isa = PBXSourcesBuildPhase;
			buildActionMask = 2147483647;
			files = (
				935C2F3D1D0DDAE900CB11DE /* ANSWorker.m in Sources */,
				935C2F411D0DDAE900CB11DE /* ANSCreatureFemale.m in Sources */,
				935C2F391D0DDAE900CB11DE /* ANSBoss.m in Sources */,
				935C2F2F1D0DDAE900CB11DE /* ANSBuilding.m in Sources */,
				935C2F431D0DDAE900CB11DE /* ANSCreatureMale.m in Sources */,
				935C2F3F1D0DDAE900CB11DE /* ANSCreature.m in Sources */,
				935C2F311D0DDAE900CB11DE /* ANSRoom.m in Sources */,
				935C2F3B1D0DDAE900CB11DE /* ANSCarWasher.m in Sources */,
				935C2F371D0DDAE900CB11DE /* ANSAccountant.m in Sources */,
				935C2F2D1D0DDAE900CB11DE /* ANSBox.m in Sources */,
				935C2F331D0DDAE900CB11DE /* ANSCar.m in Sources */,
				935C2F351D0DDAE900CB11DE /* ANSCarWashComplex.m in Sources */,
			);
			runOnlyForDeploymentPostprocessing = 0;
		};
/* End PBXSourcesBuildPhase section */

/* Begin XCBuildConfiguration section */
		931D0F221D00480900DF749C /* Debug */ = {
			isa = XCBuildConfiguration;
			buildSettings = {
				ALWAYS_SEARCH_USER_PATHS = NO;
				CLANG_CXX_LANGUAGE_STANDARD = "gnu++0x";
				CLANG_CXX_LIBRARY = "libc++";
				CLANG_ENABLE_MODULES = YES;
				CLANG_ENABLE_OBJC_ARC = YES;
				CLANG_WARN_BOOL_CONVERSION = YES;
				CLANG_WARN_CONSTANT_CONVERSION = YES;
				CLANG_WARN_DIRECT_OBJC_ISA_USAGE = YES_ERROR;
				CLANG_WARN_EMPTY_BODY = YES;
				CLANG_WARN_ENUM_CONVERSION = YES;
				CLANG_WARN_INT_CONVERSION = YES;
				CLANG_WARN_OBJC_ROOT_CLASS = YES_ERROR;
				CLANG_WARN_UNREACHABLE_CODE = YES;
				CLANG_WARN__DUPLICATE_METHOD_MATCH = YES;
				CODE_SIGN_IDENTITY = "-";
				COPY_PHASE_STRIP = NO;
				DEBUG_INFORMATION_FORMAT = dwarf;
				ENABLE_STRICT_OBJC_MSGSEND = YES;
				ENABLE_TESTABILITY = YES;
				GCC_C_LANGUAGE_STANDARD = gnu99;
				GCC_DYNAMIC_NO_PIC = NO;
				GCC_NO_COMMON_BLOCKS = YES;
				GCC_OPTIMIZATION_LEVEL = 0;
				GCC_PREPROCESSOR_DEFINITIONS = (
					"DEBUG=1",
					"$(inherited)",
				);
				GCC_WARN_64_TO_32_BIT_CONVERSION = YES;
				GCC_WARN_ABOUT_RETURN_TYPE = YES_ERROR;
				GCC_WARN_UNDECLARED_SELECTOR = YES;
				GCC_WARN_UNINITIALIZED_AUTOS = YES_AGGRESSIVE;
				GCC_WARN_UNUSED_FUNCTION = YES;
				GCC_WARN_UNUSED_VARIABLE = YES;
				MACOSX_DEPLOYMENT_TARGET = 10.11;
				MTL_ENABLE_DEBUG_INFO = YES;
				ONLY_ACTIVE_ARCH = YES;
				SDKROOT = macosx;
			};
			name = Debug;
		};
		931D0F231D00480900DF749C /* Release */ = {
			isa = XCBuildConfiguration;
			buildSettings = {
				ALWAYS_SEARCH_USER_PATHS = NO;
				CLANG_CXX_LANGUAGE_STANDARD = "gnu++0x";
				CLANG_CXX_LIBRARY = "libc++";
				CLANG_ENABLE_MODULES = YES;
				CLANG_ENABLE_OBJC_ARC = YES;
				CLANG_WARN_BOOL_CONVERSION = YES;
				CLANG_WARN_CONSTANT_CONVERSION = YES;
				CLANG_WARN_DIRECT_OBJC_ISA_USAGE = YES_ERROR;
				CLANG_WARN_EMPTY_BODY = YES;
				CLANG_WARN_ENUM_CONVERSION = YES;
				CLANG_WARN_INT_CONVERSION = YES;
				CLANG_WARN_OBJC_ROOT_CLASS = YES_ERROR;
				CLANG_WARN_UNREACHABLE_CODE = YES;
				CLANG_WARN__DUPLICATE_METHOD_MATCH = YES;
				CODE_SIGN_IDENTITY = "-";
				COPY_PHASE_STRIP = NO;
				DEBUG_INFORMATION_FORMAT = "dwarf-with-dsym";
				ENABLE_NS_ASSERTIONS = NO;
				ENABLE_STRICT_OBJC_MSGSEND = YES;
				GCC_C_LANGUAGE_STANDARD = gnu99;
				GCC_NO_COMMON_BLOCKS = YES;
				GCC_WARN_64_TO_32_BIT_CONVERSION = YES;
				GCC_WARN_ABOUT_RETURN_TYPE = YES_ERROR;
				GCC_WARN_UNDECLARED_SELECTOR = YES;
				GCC_WARN_UNINITIALIZED_AUTOS = YES_AGGRESSIVE;
				GCC_WARN_UNUSED_FUNCTION = YES;
				GCC_WARN_UNUSED_VARIABLE = YES;
				MACOSX_DEPLOYMENT_TARGET = 10.11;
				MTL_ENABLE_DEBUG_INFO = NO;
				SDKROOT = macosx;
			};
			name = Release;
		};
		931D0F251D00480900DF749C /* Debug */ = {
			isa = XCBuildConfiguration;
			buildSettings = {
				CLANG_ENABLE_OBJC_ARC = NO;
				PRODUCT_NAME = "$(TARGET_NAME)";
				SDKROOT = macosx;
			};
			name = Debug;
		};
		931D0F261D00480900DF749C /* Release */ = {
			isa = XCBuildConfiguration;
			buildSettings = {
				CLANG_ENABLE_OBJC_ARC = NO;
				PRODUCT_NAME = "$(TARGET_NAME)";
				SDKROOT = macosx;
			};
			name = Release;
		};
		935C2EDE1D0DD8C100CB11DE /* Debug */ = {
			isa = XCBuildConfiguration;
			buildSettings = {
				CLANG_ENABLE_OBJC_ARC = NO;
				"CODE_SIGN_IDENTITY[sdk=iphoneos*]" = "iPhone Developer";
				INFOPLIST_FILE = ObjectiveTests/Info.plist;
				IPHONEOS_DEPLOYMENT_TARGET = 9.2;
				LD_RUNPATH_SEARCH_PATHS = "$(inherited) @executable_path/Frameworks @loader_path/Frameworks";
				PRODUCT_BUNDLE_IDENTIFIER = Andriiev.Mykola.ObjectiveTests;
				PRODUCT_NAME = "$(TARGET_NAME)";
				SDKROOT = iphoneos;
			};
			name = Debug;
		};
		935C2EDF1D0DD8C100CB11DE /* Release */ = {
			isa = XCBuildConfiguration;
			buildSettings = {
				CLANG_ENABLE_OBJC_ARC = NO;
				"CODE_SIGN_IDENTITY[sdk=iphoneos*]" = "iPhone Developer";
				INFOPLIST_FILE = ObjectiveTests/Info.plist;
				IPHONEOS_DEPLOYMENT_TARGET = 9.2;
				LD_RUNPATH_SEARCH_PATHS = "$(inherited) @executable_path/Frameworks @loader_path/Frameworks";
				PRODUCT_BUNDLE_IDENTIFIER = Andriiev.Mykola.ObjectiveTests;
				PRODUCT_NAME = "$(TARGET_NAME)";
				SDKROOT = iphoneos;
				VALIDATE_PRODUCT = YES;
			};
			name = Release;
		};
/* End XCBuildConfiguration section */

/* Begin XCConfigurationList section */
		931D0F181D00480900DF749C /* Build configuration list for PBXProject "Objective-c course" */ = {
			isa = XCConfigurationList;
			buildConfigurations = (
				931D0F221D00480900DF749C /* Debug */,
				931D0F231D00480900DF749C /* Release */,
			);
			defaultConfigurationIsVisible = 0;
			defaultConfigurationName = Release;
		};
		931D0F241D00480900DF749C /* Build configuration list for PBXNativeTarget "Objective-c course" */ = {
			isa = XCConfigurationList;
			buildConfigurations = (
				931D0F251D00480900DF749C /* Debug */,
				931D0F261D00480900DF749C /* Release */,
			);
			defaultConfigurationIsVisible = 0;
			defaultConfigurationName = Release;
		};
		935C2EDD1D0DD8C100CB11DE /* Build configuration list for PBXNativeTarget "ObjectiveTests" */ = {
			isa = XCConfigurationList;
			buildConfigurations = (
				935C2EDE1D0DD8C100CB11DE /* Debug */,
				935C2EDF1D0DD8C100CB11DE /* Release */,
			);
			defaultConfigurationIsVisible = 0;
			defaultConfigurationName = Release;
		};
/* End XCConfigurationList section */
	};
	rootObject = 931D0F151D00480900DF749C /* Project object */;
}
