// !$*UTF8*$!
{
	archiveVersion = 1;
	classes = {
	};
	objectVersion = 46;
	objects = {

/* Begin PBXBuildFile section */
		9328B5241D1C1F15001D6E62 /* ANSCarWashTest.m in Sources */ = {isa = PBXBuildFile; fileRef = 9328B5231D1C1F15001D6E62 /* ANSCarWashTest.m */; };
		9328B5251D1C4316001D6E62 /* ANSCar.m in Sources */ = {isa = PBXBuildFile; fileRef = 93DAD4391D0DF2910055E7FB /* ANSCar.m */; };
		9328B5261D1C4326001D6E62 /* ANSCarWashComplex.m in Sources */ = {isa = PBXBuildFile; fileRef = 93DAD43B1D0DF2910055E7FB /* ANSCarWashComplex.m */; };
		9328B5271D1C433C001D6E62 /* ANSWorker.m in Sources */ = {isa = PBXBuildFile; fileRef = 93DAD4461D0DF2910055E7FB /* ANSWorker.m */; };
		9328B5281D1C4341001D6E62 /* ANSCarWasher.m in Sources */ = {isa = PBXBuildFile; fileRef = 93DAD4441D0DF2910055E7FB /* ANSCarWasher.m */; };
		9328B5291D1C4344001D6E62 /* ANSAccountant.m in Sources */ = {isa = PBXBuildFile; fileRef = 93DAD4401D0DF2910055E7FB /* ANSAccountant.m */; };
		9328B52A1D1C4347001D6E62 /* ANSBoss.m in Sources */ = {isa = PBXBuildFile; fileRef = 93DAD4421D0DF2910055E7FB /* ANSBoss.m */; };
		9328B52B1D1C4354001D6E62 /* ANSQueue.m in Sources */ = {isa = PBXBuildFile; fileRef = 93968A471D13F0E0009E7EF1 /* ANSQueue.m */; };
		9328B53E1D1D53D3001D6E62 /* ANSObservableObject.m in Sources */ = {isa = PBXBuildFile; fileRef = 9328B53D1D1D53D3001D6E62 /* ANSObservableObject.m */; };
		9328B53F1D1D53D3001D6E62 /* ANSObservableObject.m in Sources */ = {isa = PBXBuildFile; fileRef = 9328B53D1D1D53D3001D6E62 /* ANSObservableObject.m */; };
		93968A481D13F0E0009E7EF1 /* ANSQueue.m in Sources */ = {isa = PBXBuildFile; fileRef = 93968A471D13F0E0009E7EF1 /* ANSQueue.m */; };
		93A642A71D2BD6DE00313EEB /* ANSConstants.m in Sources */ = {isa = PBXBuildFile; fileRef = 93A642A51D2BD6DE00313EEB /* ANSConstants.m */; };
		93A642AE1D2BFFF100313EEB /* ANSDispatcher.m in Sources */ = {isa = PBXBuildFile; fileRef = 93A642AD1D2BFFF100313EEB /* ANSDispatcher.m */; };
		93A642BB1D2D241C00313EEB /* NSArray+ANSExtension.m in Sources */ = {isa = PBXBuildFile; fileRef = 93A642BA1D2D241C00313EEB /* NSArray+ANSExtension.m */; };
		93BE28151D11A893008DABB7 /* ANSAlphabetTest.m in Sources */ = {isa = PBXBuildFile; fileRef = 93BE28141D11A893008DABB7 /* ANSAlphabetTest.m */; };
		93C3603B1D29AD6400E632F9 /* ANSKVOtest.m in Sources */ = {isa = PBXBuildFile; fileRef = 93C3603A1D29AD6400E632F9 /* ANSKVOtest.m */; };
		93C3603E1D29AE6D00E632F9 /* ANSKVOtestObserver.m in Sources */ = {isa = PBXBuildFile; fileRef = 93C3603D1D29AE6D00E632F9 /* ANSKVOtestObserver.m */; };
		93C360471D2AAF3300E632F9 /* ANSThread.m in Sources */ = {isa = PBXBuildFile; fileRef = 93C360441D2AAF3300E632F9 /* ANSThread.m */; };
		93C360481D2AAF3300E632F9 /* ANSThreadPool.m in Sources */ = {isa = PBXBuildFile; fileRef = 93C360461D2AAF3300E632F9 /* ANSThreadPool.m */; };
		93DAD44E1D0DF2910055E7FB /* ANSRandom.m in Sources */ = {isa = PBXBuildFile; fileRef = 93DAD41D1D0DF2910055E7FB /* ANSRandom.m */; };
		93DAD44F1D0DF2910055E7FB /* ANSRandom.m in Sources */ = {isa = PBXBuildFile; fileRef = 93DAD41D1D0DF2910055E7FB /* ANSRandom.m */; };
		93DAD4501D0DF2910055E7FB /* NSObject+ANSExtension.m in Sources */ = {isa = PBXBuildFile; fileRef = 93DAD4201D0DF2910055E7FB /* NSObject+ANSExtension.m */; };
		93DAD4511D0DF2910055E7FB /* NSObject+ANSExtension.m in Sources */ = {isa = PBXBuildFile; fileRef = 93DAD4201D0DF2910055E7FB /* NSObject+ANSExtension.m */; };
		93DAD4521D0DF2910055E7FB /* ANSAlphabet.m in Sources */ = {isa = PBXBuildFile; fileRef = 93DAD4231D0DF2910055E7FB /* ANSAlphabet.m */; };
		93DAD4531D0DF2910055E7FB /* ANSAlphabet.m in Sources */ = {isa = PBXBuildFile; fileRef = 93DAD4231D0DF2910055E7FB /* ANSAlphabet.m */; };
		93DAD4541D0DF2910055E7FB /* NSString+ANSExtension.m in Sources */ = {isa = PBXBuildFile; fileRef = 93DAD4251D0DF2910055E7FB /* NSString+ANSExtension.m */; };
		93DAD4551D0DF2910055E7FB /* NSString+ANSExtension.m in Sources */ = {isa = PBXBuildFile; fileRef = 93DAD4251D0DF2910055E7FB /* NSString+ANSExtension.m */; };
		93DAD4561D0DF2910055E7FB /* ANSClusterAlphabet.m in Sources */ = {isa = PBXBuildFile; fileRef = 93DAD4281D0DF2910055E7FB /* ANSClusterAlphabet.m */; };
		93DAD4571D0DF2910055E7FB /* ANSClusterAlphabet.m in Sources */ = {isa = PBXBuildFile; fileRef = 93DAD4281D0DF2910055E7FB /* ANSClusterAlphabet.m */; };
		93DAD4581D0DF2910055E7FB /* ANSRangeAlphabet.m in Sources */ = {isa = PBXBuildFile; fileRef = 93DAD42A1D0DF2910055E7FB /* ANSRangeAlphabet.m */; };
		93DAD4591D0DF2910055E7FB /* ANSRangeAlphabet.m in Sources */ = {isa = PBXBuildFile; fileRef = 93DAD42A1D0DF2910055E7FB /* ANSRangeAlphabet.m */; };
		93DAD45A1D0DF2910055E7FB /* ANSStringAlphabet.m in Sources */ = {isa = PBXBuildFile; fileRef = 93DAD42C1D0DF2910055E7FB /* ANSStringAlphabet.m */; };
		93DAD45B1D0DF2910055E7FB /* ANSStringAlphabet.m in Sources */ = {isa = PBXBuildFile; fileRef = 93DAD42C1D0DF2910055E7FB /* ANSStringAlphabet.m */; };
		93DAD45C1D0DF2910055E7FB /* main.m in Sources */ = {isa = PBXBuildFile; fileRef = 93DAD42D1D0DF2910055E7FB /* main.m */; };
		93DAD4641D0DF2910055E7FB /* ANSCar.m in Sources */ = {isa = PBXBuildFile; fileRef = 93DAD4391D0DF2910055E7FB /* ANSCar.m */; };
		93DAD4661D0DF2910055E7FB /* ANSCarWashComplex.m in Sources */ = {isa = PBXBuildFile; fileRef = 93DAD43B1D0DF2910055E7FB /* ANSCarWashComplex.m */; };
		93DAD4681D0DF2910055E7FB /* ANSAccountant.m in Sources */ = {isa = PBXBuildFile; fileRef = 93DAD4401D0DF2910055E7FB /* ANSAccountant.m */; };
		93DAD46A1D0DF2910055E7FB /* ANSBoss.m in Sources */ = {isa = PBXBuildFile; fileRef = 93DAD4421D0DF2910055E7FB /* ANSBoss.m */; };
		93DAD46C1D0DF2910055E7FB /* ANSCarWasher.m in Sources */ = {isa = PBXBuildFile; fileRef = 93DAD4441D0DF2910055E7FB /* ANSCarWasher.m */; };
		93DAD46E1D0DF2910055E7FB /* ANSWorker.m in Sources */ = {isa = PBXBuildFile; fileRef = 93DAD4461D0DF2910055E7FB /* ANSWorker.m */; };
		94E842A77EF5F3ECBA4F16AD /* libPods-OSUnitTesting.a in Frameworks */ = {isa = PBXBuildFile; fileRef = 1EDE8192052DE5DCFAC40416 /* libPods-OSUnitTesting.a */; };
/* End PBXBuildFile section */

/* Begin PBXCopyFilesBuildPhase section */
		931D0F1B1D00480900DF749C /* CopyFiles */ = {
			isa = PBXCopyFilesBuildPhase;
			buildActionMask = 2147483647;
			dstPath = /usr/share/man/man1/;
			dstSubfolderSpec = 0;
			files = (
			);
			runOnlyForDeploymentPostprocessing = 1;
		};
/* End PBXCopyFilesBuildPhase section */

/* Begin PBXFileReference section */
		00BB46DAD617C15302EDFBEA /* Pods-OSUnitTesting.debug.xcconfig */ = {isa = PBXFileReference; includeInIndex = 1; lastKnownFileType = text.xcconfig; name = "Pods-OSUnitTesting.debug.xcconfig"; path = "Pods/Target Support Files/Pods-OSUnitTesting/Pods-OSUnitTesting.debug.xcconfig"; sourceTree = "<group>"; };
		1EDE8192052DE5DCFAC40416 /* libPods-OSUnitTesting.a */ = {isa = PBXFileReference; explicitFileType = archive.ar; includeInIndex = 0; path = "libPods-OSUnitTesting.a"; sourceTree = BUILT_PRODUCTS_DIR; };
		931D0F1D1D00480900DF749C /* Objective-c course */ = {isa = PBXFileReference; explicitFileType = "compiled.mach-o.executable"; includeInIndex = 0; path = "Objective-c course"; sourceTree = BUILT_PRODUCTS_DIR; };
		9328B51C1D1BECC7001D6E62 /* ANSMoneyOwner.h */ = {isa = PBXFileReference; fileEncoding = 4; lastKnownFileType = sourcecode.c.h; name = ANSMoneyOwner.h; path = ANSConstants/ANSMoneyOwner.h; sourceTree = "<group>"; };
		9328B5231D1C1F15001D6E62 /* ANSCarWashTest.m */ = {isa = PBXFileReference; fileEncoding = 4; lastKnownFileType = sourcecode.c.objc; path = ANSCarWashTest.m; sourceTree = "<group>"; };
		9328B53C1D1D53D3001D6E62 /* ANSObservableObject.h */ = {isa = PBXFileReference; fileEncoding = 4; lastKnownFileType = sourcecode.c.h; path = ANSObservableObject.h; sourceTree = "<group>"; };
		9328B53D1D1D53D3001D6E62 /* ANSObservableObject.m */ = {isa = PBXFileReference; fileEncoding = 4; lastKnownFileType = sourcecode.c.objc; path = ANSObservableObject.m; sourceTree = "<group>"; };
		937FBEA91D044B8100BD0F3F /* iOS Study Plan.txt */ = {isa = PBXFileReference; fileEncoding = 4; lastKnownFileType = text; path = "iOS Study Plan.txt"; sourceTree = "<group>"; };
		93968A461D13F0E0009E7EF1 /* ANSQueue.h */ = {isa = PBXFileReference; fileEncoding = 4; lastKnownFileType = sourcecode.c.h; path = ANSQueue.h; sourceTree = "<group>"; };
		93968A471D13F0E0009E7EF1 /* ANSQueue.m */ = {isa = PBXFileReference; fileEncoding = 4; lastKnownFileType = sourcecode.c.objc; path = ANSQueue.m; sourceTree = "<group>"; };
		93A642A41D2BD6DE00313EEB /* ANSConstants.h */ = {isa = PBXFileReference; fileEncoding = 4; lastKnownFileType = sourcecode.c.h; path = ANSConstants.h; sourceTree = "<group>"; };
		93A642A51D2BD6DE00313EEB /* ANSConstants.m */ = {isa = PBXFileReference; fileEncoding = 4; lastKnownFileType = sourcecode.c.objc; path = ANSConstants.m; sourceTree = "<group>"; };
		93A642AC1D2BFFF100313EEB /* ANSDispatcher.h */ = {isa = PBXFileReference; fileEncoding = 4; lastKnownFileType = sourcecode.c.h; path = ANSDispatcher.h; sourceTree = "<group>"; };
		93A642AD1D2BFFF100313EEB /* ANSDispatcher.m */ = {isa = PBXFileReference; fileEncoding = 4; lastKnownFileType = sourcecode.c.objc; path = ANSDispatcher.m; sourceTree = "<group>"; };
		93A642B91D2D241C00313EEB /* NSArray+ANSExtension.h */ = {isa = PBXFileReference; fileEncoding = 4; lastKnownFileType = sourcecode.c.h; path = "NSArray+ANSExtension.h"; sourceTree = "<group>"; };
		93A642BA1D2D241C00313EEB /* NSArray+ANSExtension.m */ = {isa = PBXFileReference; fileEncoding = 4; lastKnownFileType = sourcecode.c.objc; path = "NSArray+ANSExtension.m"; sourceTree = "<group>"; };
		93BE28141D11A893008DABB7 /* ANSAlphabetTest.m */ = {isa = PBXFileReference; fileEncoding = 4; lastKnownFileType = sourcecode.c.objc; name = ANSAlphabetTest.m; path = Spec/ANSAlphabetTest.m; sourceTree = "<group>"; };
		93C360391D29AD6400E632F9 /* ANSKVOtest.h */ = {isa = PBXFileReference; fileEncoding = 4; lastKnownFileType = sourcecode.c.h; path = ANSKVOtest.h; sourceTree = "<group>"; };
		93C3603A1D29AD6400E632F9 /* ANSKVOtest.m */ = {isa = PBXFileReference; fileEncoding = 4; lastKnownFileType = sourcecode.c.objc; path = ANSKVOtest.m; sourceTree = "<group>"; };
		93C3603C1D29AE6D00E632F9 /* ANSKVOtestObserver.h */ = {isa = PBXFileReference; fileEncoding = 4; lastKnownFileType = sourcecode.c.h; path = ANSKVOtestObserver.h; sourceTree = "<group>"; };
		93C3603D1D29AE6D00E632F9 /* ANSKVOtestObserver.m */ = {isa = PBXFileReference; fileEncoding = 4; lastKnownFileType = sourcecode.c.objc; path = ANSKVOtestObserver.m; sourceTree = "<group>"; };
		93C360431D2AAF3300E632F9 /* ANSThread.h */ = {isa = PBXFileReference; fileEncoding = 4; lastKnownFileType = sourcecode.c.h; path = ANSThread.h; sourceTree = "<group>"; };
		93C360441D2AAF3300E632F9 /* ANSThread.m */ = {isa = PBXFileReference; fileEncoding = 4; lastKnownFileType = sourcecode.c.objc; path = ANSThread.m; sourceTree = "<group>"; };
		93C360451D2AAF3300E632F9 /* ANSThreadPool.h */ = {isa = PBXFileReference; fileEncoding = 4; lastKnownFileType = sourcecode.c.h; path = ANSThreadPool.h; sourceTree = "<group>"; };
		93C360461D2AAF3300E632F9 /* ANSThreadPool.m */ = {isa = PBXFileReference; fileEncoding = 4; lastKnownFileType = sourcecode.c.objc; path = ANSThreadPool.m; sourceTree = "<group>"; };
		93DAD4121D0DF1730055E7FB /* OSUnitTesting.xctest */ = {isa = PBXFileReference; explicitFileType = wrapper.cfbundle; includeInIndex = 0; path = OSUnitTesting.xctest; sourceTree = BUILT_PRODUCTS_DIR; };
		93DAD4161D0DF1740055E7FB /* Info.plist */ = {isa = PBXFileReference; lastKnownFileType = text.plist.xml; path = Info.plist; sourceTree = "<group>"; };
		93DAD41C1D0DF2910055E7FB /* ANSRandom.h */ = {isa = PBXFileReference; fileEncoding = 4; lastKnownFileType = sourcecode.c.h; path = ANSRandom.h; sourceTree = "<group>"; };
		93DAD41D1D0DF2910055E7FB /* ANSRandom.m */ = {isa = PBXFileReference; fileEncoding = 4; lastKnownFileType = sourcecode.c.objc; path = ANSRandom.m; sourceTree = "<group>"; };
		93DAD41F1D0DF2910055E7FB /* NSObject+ANSExtension.h */ = {isa = PBXFileReference; fileEncoding = 4; lastKnownFileType = sourcecode.c.h; path = "NSObject+ANSExtension.h"; sourceTree = "<group>"; };
		93DAD4201D0DF2910055E7FB /* NSObject+ANSExtension.m */ = {isa = PBXFileReference; fileEncoding = 4; lastKnownFileType = sourcecode.c.objc; path = "NSObject+ANSExtension.m"; sourceTree = "<group>"; };
		93DAD4221D0DF2910055E7FB /* ANSAlphabet.h */ = {isa = PBXFileReference; fileEncoding = 4; lastKnownFileType = sourcecode.c.h; path = ANSAlphabet.h; sourceTree = "<group>"; };
		93DAD4231D0DF2910055E7FB /* ANSAlphabet.m */ = {isa = PBXFileReference; fileEncoding = 4; lastKnownFileType = sourcecode.c.objc; path = ANSAlphabet.m; sourceTree = "<group>"; };
		93DAD4241D0DF2910055E7FB /* NSString+ANSExtension.h */ = {isa = PBXFileReference; fileEncoding = 4; lastKnownFileType = sourcecode.c.h; path = "NSString+ANSExtension.h"; sourceTree = "<group>"; };
		93DAD4251D0DF2910055E7FB /* NSString+ANSExtension.m */ = {isa = PBXFileReference; fileEncoding = 4; lastKnownFileType = sourcecode.c.objc; path = "NSString+ANSExtension.m"; sourceTree = "<group>"; };
		93DAD4271D0DF2910055E7FB /* ANSClusterAlphabet.h */ = {isa = PBXFileReference; fileEncoding = 4; lastKnownFileType = sourcecode.c.h; path = ANSClusterAlphabet.h; sourceTree = "<group>"; };
		93DAD4281D0DF2910055E7FB /* ANSClusterAlphabet.m */ = {isa = PBXFileReference; fileEncoding = 4; lastKnownFileType = sourcecode.c.objc; path = ANSClusterAlphabet.m; sourceTree = "<group>"; };
		93DAD4291D0DF2910055E7FB /* ANSRangeAlphabet.h */ = {isa = PBXFileReference; fileEncoding = 4; lastKnownFileType = sourcecode.c.h; path = ANSRangeAlphabet.h; sourceTree = "<group>"; };
		93DAD42A1D0DF2910055E7FB /* ANSRangeAlphabet.m */ = {isa = PBXFileReference; fileEncoding = 4; lastKnownFileType = sourcecode.c.objc; path = ANSRangeAlphabet.m; sourceTree = "<group>"; };
		93DAD42B1D0DF2910055E7FB /* ANSStringAlphabet.h */ = {isa = PBXFileReference; fileEncoding = 4; lastKnownFileType = sourcecode.c.h; path = ANSStringAlphabet.h; sourceTree = "<group>"; };
		93DAD42C1D0DF2910055E7FB /* ANSStringAlphabet.m */ = {isa = PBXFileReference; fileEncoding = 4; lastKnownFileType = sourcecode.c.objc; path = ANSStringAlphabet.m; sourceTree = "<group>"; };
		93DAD42D1D0DF2910055E7FB /* main.m */ = {isa = PBXFileReference; fileEncoding = 4; lastKnownFileType = sourcecode.c.objc; path = main.m; sourceTree = "<group>"; };
		93DAD4381D0DF2910055E7FB /* ANSCar.h */ = {isa = PBXFileReference; fileEncoding = 4; lastKnownFileType = sourcecode.c.h; path = ANSCar.h; sourceTree = "<group>"; };
		93DAD4391D0DF2910055E7FB /* ANSCar.m */ = {isa = PBXFileReference; fileEncoding = 4; lastKnownFileType = sourcecode.c.objc; path = ANSCar.m; sourceTree = "<group>"; };
		93DAD43A1D0DF2910055E7FB /* ANSCarWashComplex.h */ = {isa = PBXFileReference; fileEncoding = 4; lastKnownFileType = sourcecode.c.h; path = ANSCarWashComplex.h; sourceTree = "<group>"; };
		93DAD43B1D0DF2910055E7FB /* ANSCarWashComplex.m */ = {isa = PBXFileReference; fileEncoding = 4; lastKnownFileType = sourcecode.c.objc; path = ANSCarWashComplex.m; sourceTree = "<group>"; };
		93DAD43F1D0DF2910055E7FB /* ANSAccountant.h */ = {isa = PBXFileReference; fileEncoding = 4; lastKnownFileType = sourcecode.c.h; path = ANSAccountant.h; sourceTree = "<group>"; };
		93DAD4401D0DF2910055E7FB /* ANSAccountant.m */ = {isa = PBXFileReference; fileEncoding = 4; lastKnownFileType = sourcecode.c.objc; path = ANSAccountant.m; sourceTree = "<group>"; };
		93DAD4411D0DF2910055E7FB /* ANSBoss.h */ = {isa = PBXFileReference; fileEncoding = 4; lastKnownFileType = sourcecode.c.h; path = ANSBoss.h; sourceTree = "<group>"; };
		93DAD4421D0DF2910055E7FB /* ANSBoss.m */ = {isa = PBXFileReference; fileEncoding = 4; lastKnownFileType = sourcecode.c.objc; path = ANSBoss.m; sourceTree = "<group>"; };
		93DAD4431D0DF2910055E7FB /* ANSCarWasher.h */ = {isa = PBXFileReference; fileEncoding = 4; lastKnownFileType = sourcecode.c.h; path = ANSCarWasher.h; sourceTree = "<group>"; };
		93DAD4441D0DF2910055E7FB /* ANSCarWasher.m */ = {isa = PBXFileReference; fileEncoding = 4; lastKnownFileType = sourcecode.c.objc; path = ANSCarWasher.m; sourceTree = "<group>"; };
		93DAD4451D0DF2910055E7FB /* ANSWorker.h */ = {isa = PBXFileReference; fileEncoding = 4; lastKnownFileType = sourcecode.c.h; path = ANSWorker.h; sourceTree = "<group>"; };
		93DAD4461D0DF2910055E7FB /* ANSWorker.m */ = {isa = PBXFileReference; fileEncoding = 4; lastKnownFileType = sourcecode.c.objc; path = ANSWorker.m; sourceTree = "<group>"; };
		BDFC7AF22A5F7C2457CDD1DD /* Pods-OSUnitTesting.release.xcconfig */ = {isa = PBXFileReference; includeInIndex = 1; lastKnownFileType = text.xcconfig; name = "Pods-OSUnitTesting.release.xcconfig"; path = "Pods/Target Support Files/Pods-OSUnitTesting/Pods-OSUnitTesting.release.xcconfig"; sourceTree = "<group>"; };
/* End PBXFileReference section */

/* Begin PBXFrameworksBuildPhase section */
		931D0F1A1D00480900DF749C /* Frameworks */ = {
			isa = PBXFrameworksBuildPhase;
			buildActionMask = 2147483647;
			files = (
			);
			runOnlyForDeploymentPostprocessing = 0;
		};
		93DAD40F1D0DF1730055E7FB /* Frameworks */ = {
			isa = PBXFrameworksBuildPhase;
			buildActionMask = 2147483647;
			files = (
				94E842A77EF5F3ECBA4F16AD /* libPods-OSUnitTesting.a in Frameworks */,
			);
			runOnlyForDeploymentPostprocessing = 0;
		};
/* End PBXFrameworksBuildPhase section */

/* Begin PBXGroup section */
		3432DA85276CA02C06CC7AD6 /* Frameworks */ = {
			isa = PBXGroup;
			children = (
				1EDE8192052DE5DCFAC40416 /* libPods-OSUnitTesting.a */,
			);
			name = Frameworks;
			sourceTree = "<group>";
		};
		931D0F141D00480900DF749C = {
			isa = PBXGroup;
			children = (
				937FBEA91D044B8100BD0F3F /* iOS Study Plan.txt */,
				93DAD41A1D0DF2910055E7FB /* Library */,
				93DAD42E1D0DF2910055E7FB /* Source */,
				93DAD42D1D0DF2910055E7FB /* main.m */,
				93DAD4131D0DF1740055E7FB /* OSUnitTesting */,
				931D0F1E1D00480900DF749C /* Products */,
				E8E481700E3FF1DA234A6F48 /* Pods */,
				3432DA85276CA02C06CC7AD6 /* Frameworks */,
			);
			sourceTree = "<group>";
		};
		931D0F1E1D00480900DF749C /* Products */ = {
			isa = PBXGroup;
			children = (
				931D0F1D1D00480900DF749C /* Objective-c course */,
				93DAD4121D0DF1730055E7FB /* OSUnitTesting.xctest */,
			);
			name = Products;
			sourceTree = "<group>";
		};
		93968A451D13F0E0009E7EF1 /* ANSQueue */ = {
			isa = PBXGroup;
			children = (
				93968A461D13F0E0009E7EF1 /* ANSQueue.h */,
				93968A471D13F0E0009E7EF1 /* ANSQueue.m */,
			);
			path = ANSQueue;
			sourceTree = "<group>";
		};
		93A642A31D2BD6DE00313EEB /* ANSConstants */ = {
			isa = PBXGroup;
			children = (
				93A642A41D2BD6DE00313EEB /* ANSConstants.h */,
				93A642A51D2BD6DE00313EEB /* ANSConstants.m */,
			);
			path = ANSConstants;
			sourceTree = "<group>";
		};
		93A642AB1D2BFFF100313EEB /* ANSDispatcher */ = {
			isa = PBXGroup;
			children = (
				93A642AC1D2BFFF100313EEB /* ANSDispatcher.h */,
				93A642AD1D2BFFF100313EEB /* ANSDispatcher.m */,
			);
			path = ANSDispatcher;
			sourceTree = "<group>";
		};
		93A642B81D2D241C00313EEB /* NSArray */ = {
			isa = PBXGroup;
			children = (
				93A642B91D2D241C00313EEB /* NSArray+ANSExtension.h */,
				93A642BA1D2D241C00313EEB /* NSArray+ANSExtension.m */,
			);
			path = NSArray;
			sourceTree = "<group>";
		};
		93C360381D29AD6400E632F9 /* ANSKVOtest  */ = {
			isa = PBXGroup;
			children = (
				93C360391D29AD6400E632F9 /* ANSKVOtest.h */,
				93C3603A1D29AD6400E632F9 /* ANSKVOtest.m */,
				93C3603C1D29AE6D00E632F9 /* ANSKVOtestObserver.h */,
				93C3603D1D29AE6D00E632F9 /* ANSKVOtestObserver.m */,
			);
			path = "ANSKVOtest ";
			sourceTree = "<group>";
		};
		93C360421D2AAF3300E632F9 /* ANSThreading */ = {
			isa = PBXGroup;
			children = (
				93C360431D2AAF3300E632F9 /* ANSThread.h */,
				93C360441D2AAF3300E632F9 /* ANSThread.m */,
				93C360451D2AAF3300E632F9 /* ANSThreadPool.h */,
				93C360461D2AAF3300E632F9 /* ANSThreadPool.m */,
			);
			path = ANSThreading;
			sourceTree = "<group>";
		};
		93DAD4131D0DF1740055E7FB /* OSUnitTesting */ = {
			isa = PBXGroup;
			children = (
				93DAD4761D0DF4D80055E7FB /* Spec */,
				93DAD4161D0DF1740055E7FB /* Info.plist */,
				9328B5231D1C1F15001D6E62 /* ANSCarWashTest.m */,
				93BE28141D11A893008DABB7 /* ANSAlphabetTest.m */,
			);
			path = OSUnitTesting;
			sourceTree = "<group>";
		};
		93DAD41A1D0DF2910055E7FB /* Library */ = {
			isa = PBXGroup;
			children = (
				93A642B81D2D241C00313EEB /* NSArray */,
				93968A451D13F0E0009E7EF1 /* ANSQueue */,
				93DAD41B1D0DF2910055E7FB /* ANSRandom */,
				93DAD41E1D0DF2910055E7FB /* NSObject */,
				93DAD4211D0DF2910055E7FB /* NSString */,
			);
			path = Library;
			sourceTree = "<group>";
		};
		93DAD41B1D0DF2910055E7FB /* ANSRandom */ = {
			isa = PBXGroup;
			children = (
				93DAD41C1D0DF2910055E7FB /* ANSRandom.h */,
				93DAD41D1D0DF2910055E7FB /* ANSRandom.m */,
			);
			path = ANSRandom;
			sourceTree = "<group>";
		};
		93DAD41E1D0DF2910055E7FB /* NSObject */ = {
			isa = PBXGroup;
			children = (
				93DAD41F1D0DF2910055E7FB /* NSObject+ANSExtension.h */,
				93DAD4201D0DF2910055E7FB /* NSObject+ANSExtension.m */,
			);
			path = NSObject;
			sourceTree = "<group>";
		};
		93DAD4211D0DF2910055E7FB /* NSString */ = {
			isa = PBXGroup;
			children = (
				93DAD4241D0DF2910055E7FB /* NSString+ANSExtension.h */,
				93DAD4251D0DF2910055E7FB /* NSString+ANSExtension.m */,
				93DAD4221D0DF2910055E7FB /* ANSAlphabet.h */,
				93DAD4231D0DF2910055E7FB /* ANSAlphabet.m */,
				93DAD4261D0DF2910055E7FB /* Privat */,
			);
			path = NSString;
			sourceTree = "<group>";
		};
		93DAD4261D0DF2910055E7FB /* Privat */ = {
			isa = PBXGroup;
			children = (
				93DAD4291D0DF2910055E7FB /* ANSRangeAlphabet.h */,
				93DAD42A1D0DF2910055E7FB /* ANSRangeAlphabet.m */,
				93DAD42B1D0DF2910055E7FB /* ANSStringAlphabet.h */,
				93DAD42C1D0DF2910055E7FB /* ANSStringAlphabet.m */,
				93DAD4271D0DF2910055E7FB /* ANSClusterAlphabet.h */,
				93DAD4281D0DF2910055E7FB /* ANSClusterAlphabet.m */,
			);
			path = Privat;
			sourceTree = "<group>";
		};
		93DAD42E1D0DF2910055E7FB /* Source */ = {
			isa = PBXGroup;
			children = (
				93C360421D2AAF3300E632F9 /* ANSThreading */,
				93C360381D29AD6400E632F9 /* ANSKVOtest  */,
				93DAD42F1D0DF2910055E7FB /* ANSCarWash */,
			);
			path = Source;
			sourceTree = "<group>";
		};
		93DAD42F1D0DF2910055E7FB /* ANSCarWash */ = {
			isa = PBXGroup;
			children = (
				93A642A31D2BD6DE00313EEB /* ANSConstants */,
				93A642AB1D2BFFF100313EEB /* ANSDispatcher */,
				9328B51C1D1BECC7001D6E62 /* ANSMoneyOwner.h */,
				93DAD43A1D0DF2910055E7FB /* ANSCarWashComplex.h */,
				93DAD43B1D0DF2910055E7FB /* ANSCarWashComplex.m */,
				93DAD4371D0DF2910055E7FB /* ANSCar */,
				93DAD43E1D0DF2910055E7FB /* ANSWorkers */,
			);
			path = ANSCarWash;
			sourceTree = "<group>";
		};
		93DAD4371D0DF2910055E7FB /* ANSCar */ = {
			isa = PBXGroup;
			children = (
				93DAD4381D0DF2910055E7FB /* ANSCar.h */,
				93DAD4391D0DF2910055E7FB /* ANSCar.m */,
			);
			path = ANSCar;
			sourceTree = "<group>";
		};
		93DAD43E1D0DF2910055E7FB /* ANSWorkers */ = {
			isa = PBXGroup;
			children = (
				9328B53C1D1D53D3001D6E62 /* ANSObservableObject.h */,
				9328B53D1D1D53D3001D6E62 /* ANSObservableObject.m */,
				93DAD4451D0DF2910055E7FB /* ANSWorker.h */,
				93DAD4461D0DF2910055E7FB /* ANSWorker.m */,
				93DAD4431D0DF2910055E7FB /* ANSCarWasher.h */,
				93DAD4441D0DF2910055E7FB /* ANSCarWasher.m */,
				93DAD43F1D0DF2910055E7FB /* ANSAccountant.h */,
				93DAD4401D0DF2910055E7FB /* ANSAccountant.m */,
				93DAD4411D0DF2910055E7FB /* ANSBoss.h */,
				93DAD4421D0DF2910055E7FB /* ANSBoss.m */,
			);
			path = ANSWorkers;
			sourceTree = "<group>";
		};
		93DAD4761D0DF4D80055E7FB /* Spec */ = {
			isa = PBXGroup;
			children = (
			);
			path = Spec;
			sourceTree = "<group>";
		};
		E8E481700E3FF1DA234A6F48 /* Pods */ = {
			isa = PBXGroup;
			children = (
				00BB46DAD617C15302EDFBEA /* Pods-OSUnitTesting.debug.xcconfig */,
				BDFC7AF22A5F7C2457CDD1DD /* Pods-OSUnitTesting.release.xcconfig */,
			);
			name = Pods;
			sourceTree = "<group>";
		};
/* End PBXGroup section */

/* Begin PBXNativeTarget section */
		931D0F1C1D00480900DF749C /* Objective-c course */ = {
			isa = PBXNativeTarget;
			buildConfigurationList = 931D0F241D00480900DF749C /* Build configuration list for PBXNativeTarget "Objective-c course" */;
			buildPhases = (
				931D0F191D00480900DF749C /* Sources */,
				931D0F1A1D00480900DF749C /* Frameworks */,
				931D0F1B1D00480900DF749C /* CopyFiles */,
			);
			buildRules = (
			);
			dependencies = (
			);
			name = "Objective-c course";
			productName = "Objective-c course";
			productReference = 931D0F1D1D00480900DF749C /* Objective-c course */;
			productType = "com.apple.product-type.tool";
		};
		93DAD4111D0DF1730055E7FB /* OSUnitTesting */ = {
			isa = PBXNativeTarget;
			buildConfigurationList = 93DAD4191D0DF1740055E7FB /* Build configuration list for PBXNativeTarget "OSUnitTesting" */;
			buildPhases = (
				E9C6D46A1987543906F27C62 /* [CP] Check Pods Manifest.lock */,
				93DAD40E1D0DF1730055E7FB /* Sources */,
				93DAD40F1D0DF1730055E7FB /* Frameworks */,
				93DAD4101D0DF1730055E7FB /* Resources */,
				17EC8056B9CA95A382F69722 /* [CP] Embed Pods Frameworks */,
				E43898D46ECDA4817371082D /* [CP] Copy Pods Resources */,
			);
			buildRules = (
			);
			dependencies = (
			);
			name = OSUnitTesting;
			productName = OSUnitTesting;
			productReference = 93DAD4121D0DF1730055E7FB /* OSUnitTesting.xctest */;
			productType = "com.apple.product-type.bundle.unit-test";
		};
/* End PBXNativeTarget section */

/* Begin PBXProject section */
		931D0F151D00480900DF749C /* Project object */ = {
			isa = PBXProject;
			attributes = {
				LastUpgradeCheck = 0720;
				ORGANIZATIONNAME = Anfriiev.Mykola;
				TargetAttributes = {
					931D0F1C1D00480900DF749C = {
						CreatedOnToolsVersion = 7.2.1;
					};
					93DAD4111D0DF1730055E7FB = {
						CreatedOnToolsVersion = 7.2.1;
					};
				};
			};
			buildConfigurationList = 931D0F181D00480900DF749C /* Build configuration list for PBXProject "Objective-c course" */;
			compatibilityVersion = "Xcode 3.2";
			developmentRegion = English;
			hasScannedForEncodings = 0;
			knownRegions = (
				en,
			);
			mainGroup = 931D0F141D00480900DF749C;
			productRefGroup = 931D0F1E1D00480900DF749C /* Products */;
			projectDirPath = "";
			projectRoot = "";
			targets = (
				931D0F1C1D00480900DF749C /* Objective-c course */,
				93DAD4111D0DF1730055E7FB /* OSUnitTesting */,
			);
		};
/* End PBXProject section */

/* Begin PBXResourcesBuildPhase section */
		93DAD4101D0DF1730055E7FB /* Resources */ = {
			isa = PBXResourcesBuildPhase;
			buildActionMask = 2147483647;
			files = (
			);
			runOnlyForDeploymentPostprocessing = 0;
		};
/* End PBXResourcesBuildPhase section */

/* Begin PBXShellScriptBuildPhase section */
		17EC8056B9CA95A382F69722 /* [CP] Embed Pods Frameworks */ = {
			isa = PBXShellScriptBuildPhase;
			buildActionMask = 2147483647;
			files = (
			);
			inputPaths = (
			);
			name = "[CP] Embed Pods Frameworks";
			outputPaths = (
			);
			runOnlyForDeploymentPostprocessing = 0;
			shellPath = /bin/sh;
			shellScript = "\"${SRCROOT}/Pods/Target Support Files/Pods-OSUnitTesting/Pods-OSUnitTesting-frameworks.sh\"\n";
			showEnvVarsInLog = 0;
		};
		E43898D46ECDA4817371082D /* [CP] Copy Pods Resources */ = {
			isa = PBXShellScriptBuildPhase;
			buildActionMask = 2147483647;
			files = (
			);
			inputPaths = (
			);
			name = "[CP] Copy Pods Resources";
			outputPaths = (
			);
			runOnlyForDeploymentPostprocessing = 0;
			shellPath = /bin/sh;
			shellScript = "\"${SRCROOT}/Pods/Target Support Files/Pods-OSUnitTesting/Pods-OSUnitTesting-resources.sh\"\n";
			showEnvVarsInLog = 0;
		};
		E9C6D46A1987543906F27C62 /* [CP] Check Pods Manifest.lock */ = {
			isa = PBXShellScriptBuildPhase;
			buildActionMask = 2147483647;
			files = (
			);
			inputPaths = (
			);
			name = "[CP] Check Pods Manifest.lock";
			outputPaths = (
			);
			runOnlyForDeploymentPostprocessing = 0;
			shellPath = /bin/sh;
			shellScript = "diff \"${PODS_ROOT}/../Podfile.lock\" \"${PODS_ROOT}/Manifest.lock\" > /dev/null\nif [[ $? != 0 ]] ; then\n    cat << EOM\nerror: The sandbox is not in sync with the Podfile.lock. Run 'pod install' or update your CocoaPods installation.\nEOM\n    exit 1\nfi\n";
			showEnvVarsInLog = 0;
		};
/* End PBXShellScriptBuildPhase section */

/* Begin PBXSourcesBuildPhase section */
		931D0F191D00480900DF749C /* Sources */ = {
			isa = PBXSourcesBuildPhase;
			buildActionMask = 2147483647;
			files = (
				93A642AE1D2BFFF100313EEB /* ANSDispatcher.m in Sources */,
				93968A481D13F0E0009E7EF1 /* ANSQueue.m in Sources */,
				93DAD4541D0DF2910055E7FB /* NSString+ANSExtension.m in Sources */,
				93C360481D2AAF3300E632F9 /* ANSThreadPool.m in Sources */,
				93DAD4661D0DF2910055E7FB /* ANSCarWashComplex.m in Sources */,
				93A642A71D2BD6DE00313EEB /* ANSConstants.m in Sources */,
				93C3603E1D29AE6D00E632F9 /* ANSKVOtestObserver.m in Sources */,
				93DAD4581D0DF2910055E7FB /* ANSRangeAlphabet.m in Sources */,
				93C3603B1D29AD6400E632F9 /* ANSKVOtest.m in Sources */,
				93DAD4501D0DF2910055E7FB /* NSObject+ANSExtension.m in Sources */,
				93A642BB1D2D241C00313EEB /* NSArray+ANSExtension.m in Sources */,
				93DAD46A1D0DF2910055E7FB /* ANSBoss.m in Sources */,
				93DAD4641D0DF2910055E7FB /* ANSCar.m in Sources */,
				93C360471D2AAF3300E632F9 /* ANSThread.m in Sources */,
				93DAD4561D0DF2910055E7FB /* ANSClusterAlphabet.m in Sources */,
				93DAD45A1D0DF2910055E7FB /* ANSStringAlphabet.m in Sources */,
				93DAD46C1D0DF2910055E7FB /* ANSCarWasher.m in Sources */,
				93DAD46E1D0DF2910055E7FB /* ANSWorker.m in Sources */,
				93DAD44E1D0DF2910055E7FB /* ANSRandom.m in Sources */,
				93DAD45C1D0DF2910055E7FB /* main.m in Sources */,
				9328B53E1D1D53D3001D6E62 /* ANSObservableObject.m in Sources */,
				93DAD4681D0DF2910055E7FB /* ANSAccountant.m in Sources */,
				93DAD4521D0DF2910055E7FB /* ANSAlphabet.m in Sources */,
			);
			runOnlyForDeploymentPostprocessing = 0;
		};
		93DAD40E1D0DF1730055E7FB /* Sources */ = {
			isa = PBXSourcesBuildPhase;
			buildActionMask = 2147483647;
			files = (
				93DAD4551D0DF2910055E7FB /* NSString+ANSExtension.m in Sources */,
				93DAD4591D0DF2910055E7FB /* ANSRangeAlphabet.m in Sources */,
				9328B5271D1C433C001D6E62 /* ANSWorker.m in Sources */,
				93DAD4511D0DF2910055E7FB /* NSObject+ANSExtension.m in Sources */,
				9328B52B1D1C4354001D6E62 /* ANSQueue.m in Sources */,
				93BE28151D11A893008DABB7 /* ANSAlphabetTest.m in Sources */,
				9328B52A1D1C4347001D6E62 /* ANSBoss.m in Sources */,
				9328B5291D1C4344001D6E62 /* ANSAccountant.m in Sources */,
				9328B5241D1C1F15001D6E62 /* ANSCarWashTest.m in Sources */,
				9328B5261D1C4326001D6E62 /* ANSCarWashComplex.m in Sources */,
				93DAD4571D0DF2910055E7FB /* ANSClusterAlphabet.m in Sources */,
				9328B5251D1C4316001D6E62 /* ANSCar.m in Sources */,
				9328B5281D1C4341001D6E62 /* ANSCarWasher.m in Sources */,
				93DAD45B1D0DF2910055E7FB /* ANSStringAlphabet.m in Sources */,
				93DAD44F1D0DF2910055E7FB /* ANSRandom.m in Sources */,
				9328B53F1D1D53D3001D6E62 /* ANSObservableObject.m in Sources */,
				93DAD4531D0DF2910055E7FB /* ANSAlphabet.m in Sources */,
			);
			runOnlyForDeploymentPostprocessing = 0;
		};
/* End PBXSourcesBuildPhase section */

/* Begin XCBuildConfiguration section */
		931D0F221D00480900DF749C /* Debug */ = {
			isa = XCBuildConfiguration;
			buildSettings = {
				ALWAYS_SEARCH_USER_PATHS = NO;
				CLANG_CXX_LANGUAGE_STANDARD = "gnu++0x";
				CLANG_CXX_LIBRARY = "libc++";
				CLANG_ENABLE_MODULES = YES;
				CLANG_ENABLE_OBJC_ARC = YES;
				CLANG_WARN_BOOL_CONVERSION = YES;
				CLANG_WARN_CONSTANT_CONVERSION = YES;
				CLANG_WARN_DIRECT_OBJC_ISA_USAGE = YES_ERROR;
				CLANG_WARN_EMPTY_BODY = YES;
				CLANG_WARN_ENUM_CONVERSION = YES;
				CLANG_WARN_INT_CONVERSION = YES;
				CLANG_WARN_OBJC_ROOT_CLASS = YES_ERROR;
				CLANG_WARN_UNREACHABLE_CODE = YES;
				CLANG_WARN__DUPLICATE_METHOD_MATCH = YES;
				CODE_SIGN_IDENTITY = "-";
				COPY_PHASE_STRIP = NO;
				DEBUG_INFORMATION_FORMAT = dwarf;
				ENABLE_STRICT_OBJC_MSGSEND = YES;
				ENABLE_TESTABILITY = YES;
				GCC_C_LANGUAGE_STANDARD = gnu99;
				GCC_DYNAMIC_NO_PIC = NO;
				GCC_NO_COMMON_BLOCKS = YES;
				GCC_OPTIMIZATION_LEVEL = 0;
				GCC_PREPROCESSOR_DEFINITIONS = (
					"DEBUG=1",
					"$(inherited)",
				);
				GCC_WARN_64_TO_32_BIT_CONVERSION = YES;
				GCC_WARN_ABOUT_RETURN_TYPE = YES_ERROR;
				GCC_WARN_UNDECLARED_SELECTOR = YES;
				GCC_WARN_UNINITIALIZED_AUTOS = YES_AGGRESSIVE;
				GCC_WARN_UNUSED_FUNCTION = YES;
				GCC_WARN_UNUSED_VARIABLE = YES;
				MACOSX_DEPLOYMENT_TARGET = 10.11;
				MTL_ENABLE_DEBUG_INFO = YES;
				ONLY_ACTIVE_ARCH = YES;
				SDKROOT = macosx;
			};
			name = Debug;
		};
		931D0F231D00480900DF749C /* Release */ = {
			isa = XCBuildConfiguration;
			buildSettings = {
				ALWAYS_SEARCH_USER_PATHS = NO;
				CLANG_CXX_LANGUAGE_STANDARD = "gnu++0x";
				CLANG_CXX_LIBRARY = "libc++";
				CLANG_ENABLE_MODULES = YES;
				CLANG_ENABLE_OBJC_ARC = YES;
				CLANG_WARN_BOOL_CONVERSION = YES;
				CLANG_WARN_CONSTANT_CONVERSION = YES;
				CLANG_WARN_DIRECT_OBJC_ISA_USAGE = YES_ERROR;
				CLANG_WARN_EMPTY_BODY = YES;
				CLANG_WARN_ENUM_CONVERSION = YES;
				CLANG_WARN_INT_CONVERSION = YES;
				CLANG_WARN_OBJC_ROOT_CLASS = YES_ERROR;
				CLANG_WARN_UNREACHABLE_CODE = YES;
				CLANG_WARN__DUPLICATE_METHOD_MATCH = YES;
				CODE_SIGN_IDENTITY = "-";
				COPY_PHASE_STRIP = NO;
				DEBUG_INFORMATION_FORMAT = "dwarf-with-dsym";
				ENABLE_NS_ASSERTIONS = NO;
				ENABLE_STRICT_OBJC_MSGSEND = YES;
				GCC_C_LANGUAGE_STANDARD = gnu99;
				GCC_NO_COMMON_BLOCKS = YES;
				GCC_WARN_64_TO_32_BIT_CONVERSION = YES;
				GCC_WARN_ABOUT_RETURN_TYPE = YES_ERROR;
				GCC_WARN_UNDECLARED_SELECTOR = YES;
				GCC_WARN_UNINITIALIZED_AUTOS = YES_AGGRESSIVE;
				GCC_WARN_UNUSED_FUNCTION = YES;
				GCC_WARN_UNUSED_VARIABLE = YES;
				MACOSX_DEPLOYMENT_TARGET = 10.11;
				MTL_ENABLE_DEBUG_INFO = NO;
				SDKROOT = macosx;
			};
			name = Release;
		};
		931D0F251D00480900DF749C /* Debug */ = {
			isa = XCBuildConfiguration;
			buildSettings = {
				CLANG_ENABLE_OBJC_ARC = NO;
				PRODUCT_NAME = "$(TARGET_NAME)";
				SDKROOT = macosx;
			};
			name = Debug;
		};
		931D0F261D00480900DF749C /* Release */ = {
			isa = XCBuildConfiguration;
			buildSettings = {
				CLANG_ENABLE_OBJC_ARC = NO;
				PRODUCT_NAME = "$(TARGET_NAME)";
				SDKROOT = macosx;
			};
			name = Release;
		};
		93DAD4171D0DF1740055E7FB /* Debug */ = {
			isa = XCBuildConfiguration;
			baseConfigurationReference = 00BB46DAD617C15302EDFBEA /* Pods-OSUnitTesting.debug.xcconfig */;
			buildSettings = {
				CLANG_ENABLE_OBJC_ARC = NO;
				COMBINE_HIDPI_IMAGES = YES;
				INFOPLIST_FILE = OSUnitTesting/Info.plist;
				LD_RUNPATH_SEARCH_PATHS = "$(inherited) @executable_path/../Frameworks @loader_path/../Frameworks";
				PRODUCT_BUNDLE_IDENTIFIER = Andriiev.Mykola.OSUnitTesting;
				PRODUCT_NAME = "$(TARGET_NAME)";
			};
			name = Debug;
		};
		93DAD4181D0DF1740055E7FB /* Release */ = {
			isa = XCBuildConfiguration;
			baseConfigurationReference = BDFC7AF22A5F7C2457CDD1DD /* Pods-OSUnitTesting.release.xcconfig */;
			buildSettings = {
				CLANG_ENABLE_OBJC_ARC = NO;
				COMBINE_HIDPI_IMAGES = YES;
				INFOPLIST_FILE = OSUnitTesting/Info.plist;
				LD_RUNPATH_SEARCH_PATHS = "$(inherited) @executable_path/../Frameworks @loader_path/../Frameworks";
				PRODUCT_BUNDLE_IDENTIFIER = Andriiev.Mykola.OSUnitTesting;
				PRODUCT_NAME = "$(TARGET_NAME)";
			};
			name = Release;
		};
/* End XCBuildConfiguration section */

/* Begin XCConfigurationList section */
		931D0F181D00480900DF749C /* Build configuration list for PBXProject "Objective-c course" */ = {
			isa = XCConfigurationList;
			buildConfigurations = (
				931D0F221D00480900DF749C /* Debug */,
				931D0F231D00480900DF749C /* Release */,
			);
			defaultConfigurationIsVisible = 0;
			defaultConfigurationName = Release;
		};
		931D0F241D00480900DF749C /* Build configuration list for PBXNativeTarget "Objective-c course" */ = {
			isa = XCConfigurationList;
			buildConfigurations = (
				931D0F251D00480900DF749C /* Debug */,
				931D0F261D00480900DF749C /* Release */,
			);
			defaultConfigurationIsVisible = 0;
			defaultConfigurationName = Release;
		};
		93DAD4191D0DF1740055E7FB /* Build configuration list for PBXNativeTarget "OSUnitTesting" */ = {
			isa = XCConfigurationList;
			buildConfigurations = (
				93DAD4171D0DF1740055E7FB /* Debug */,
				93DAD4181D0DF1740055E7FB /* Release */,
			);
			defaultConfigurationIsVisible = 0;
			defaultConfigurationName = Release;
		};
/* End XCConfigurationList section */
	};
	rootObject = 931D0F151D00480900DF749C /* Project object */;
}
